
Microsoft Visual Studio Solution File, Format Version 12.00
# Visual Studio Version 17
VisualStudioVersion = 17.2.32516.85
MinimumVisualStudioVersion = 10.0.40219.1
Project("{FAE04EC0-301F-11D3-BF4B-00C04F79EFBC}") = "Zadania 23.05", "Zadania 23.05\Zadania 23.05.csproj", "{67EC6E0F-9A1A-4C5F-9970-41F87443B7AF}"
EndProject
Global
	GlobalSection(SolutionConfigurationPlatforms) = preSolution
		Debug|Any CPU = Debug|Any CPU
		Release|Any CPU = Release|Any CPU
	EndGlobalSection
	GlobalSection(ProjectConfigurationPlatforms) = postSolution
		{67EC6E0F-9A1A-4C5F-9970-41F87443B7AF}.Debug|Any CPU.ActiveCfg = Debug|Any CPU
		{67EC6E0F-9A1A-4C5F-9970-41F87443B7AF}.Debug|Any CPU.Build.0 = Debug|Any CPU
		{67EC6E0F-9A1A-4C5F-9970-41F87443B7AF}.Release|Any CPU.ActiveCfg = Release|Any CPU
		{67EC6E0F-9A1A-4C5F-9970-41F87443B7AF}.Release|Any CPU.Build.0 = Release|Any CPU
	EndGlobalSection
	GlobalSection(SolutionProperties) = preSolution
		HideSolutionNode = FALSE
	EndGlobalSection
	GlobalSection(ExtensibilityGlobals) = postSolution
		SolutionGuid = {B7202D68-8B04-4E22-A2C1-C42F95A77202}
	EndGlobalSection
EndGlobal
